
Microsoft Visual Studio Solution File, Format Version 12.00
# Visual Studio Version 17
VisualStudioVersion = 17.12.35527.113
MinimumVisualStudioVersion = 10.0.40219.1
Project("{2150E333-8FDC-42A3-9474-1A3956D46DE8}") = "Services", "Services", "{C31F6735-74A2-4707-8160-08A5310010DB}"
EndProject
Project("{2150E333-8FDC-42A3-9474-1A3956D46DE8}") = "Product", "Product", "{1077C660-02C4-46C9-A38F-0B0E6193BC29}"
EndProject
Project("{2150E333-8FDC-42A3-9474-1A3956D46DE8}") = "Order", "Order", "{E290F0F7-0C54-4B08-9286-7968FD954D18}"
EndProject
Project("{FAE04EC0-301F-11D3-BF4B-00C04F79EFBC}") = "APIGateway", "APIGateway\APIGateway.csproj", "{3FFD250C-0C28-419E-B26C-9BF3B3C29F9A}"
EndProject
Project("{FAE04EC0-301F-11D3-BF4B-00C04F79EFBC}") = "Order.API", "Services\Order\Order.API\Order.API.csproj", "{F71CD749-47AC-4CB0-914B-151F78252F6F}"
EndProject
Project("{FAE04EC0-301F-11D3-BF4B-00C04F79EFBC}") = "Product.API", "Services\Product\Product.API\Product.API.csproj", "{DF1FAD28-FE27-4ECF-A540-198844360137}"
EndProject
Project("{FAE04EC0-301F-11D3-BF4B-00C04F79EFBC}") = "Order.Domain", "Services\Order\Order.Domain\Order.Domain.csproj", "{5AAA4660-BF53-4832-A86A-EB1F204D6688}"
EndProject
Project("{FAE04EC0-301F-11D3-BF4B-00C04F79EFBC}") = "Order.Infrastructure", "Services\Order\Order.Infrastructure\Order.Infrastructure.csproj", "{380EA988-865A-4B8B-B13F-7A7F43F27F1D}"
EndProject
Project("{FAE04EC0-301F-11D3-BF4B-00C04F79EFBC}") = "Product.Domain", "Services\Product\Product.Domain\Product.Domain.csproj", "{BB6CA64A-1EF5-426F-AF85-A2A27CEBC305}"
EndProject
Project("{FAE04EC0-301F-11D3-BF4B-00C04F79EFBC}") = "Product.Infrastructure", "Services\Product\Product.Infrastructure\Product.Infrastructure.csproj", "{AD17EE19-30F3-4222-AE4B-DBF43920C36A}"
EndProject
Project("{FAE04EC0-301F-11D3-BF4B-00C04F79EFBC}") = "ECommerce.Shared", "ECommerce.Shared\ECommerce.Shared.csproj", "{23F34CB4-9C91-4CE6-84B9-735BDBCA3A9B}"
EndProject
Project("{2150E333-8FDC-42A3-9474-1A3956D46DE8}") = "Solution Items", "Solution Items", "{D33D7342-F16E-4802-99F8-01C2A30593ED}"
	ProjectSection(SolutionItems) = preProject
		docker-compose.yml = docker-compose.yml
	EndProjectSection
EndProject
Global
	GlobalSection(SolutionConfigurationPlatforms) = preSolution
		Debug|Any CPU = Debug|Any CPU
		Release|Any CPU = Release|Any CPU
	EndGlobalSection
	GlobalSection(ProjectConfigurationPlatforms) = postSolution
		{3FFD250C-0C28-419E-B26C-9BF3B3C29F9A}.Debug|Any CPU.ActiveCfg = Debug|Any CPU
		{3FFD250C-0C28-419E-B26C-9BF3B3C29F9A}.Debug|Any CPU.Build.0 = Debug|Any CPU
		{3FFD250C-0C28-419E-B26C-9BF3B3C29F9A}.Release|Any CPU.ActiveCfg = Release|Any CPU
		{3FFD250C-0C28-419E-B26C-9BF3B3C29F9A}.Release|Any CPU.Build.0 = Release|Any CPU
		{F71CD749-47AC-4CB0-914B-151F78252F6F}.Debug|Any CPU.ActiveCfg = Debug|Any CPU
		{F71CD749-47AC-4CB0-914B-151F78252F6F}.Debug|Any CPU.Build.0 = Debug|Any CPU
		{F71CD749-47AC-4CB0-914B-151F78252F6F}.Release|Any CPU.ActiveCfg = Release|Any CPU
		{F71CD749-47AC-4CB0-914B-151F78252F6F}.Release|Any CPU.Build.0 = Release|Any CPU
		{DF1FAD28-FE27-4ECF-A540-198844360137}.Debug|Any CPU.ActiveCfg = Debug|Any CPU
		{DF1FAD28-FE27-4ECF-A540-198844360137}.Debug|Any CPU.Build.0 = Debug|Any CPU
		{DF1FAD28-FE27-4ECF-A540-198844360137}.Release|Any CPU.ActiveCfg = Release|Any CPU
		{DF1FAD28-FE27-4ECF-A540-198844360137}.Release|Any CPU.Build.0 = Release|Any CPU
		{5AAA4660-BF53-4832-A86A-EB1F204D6688}.Debug|Any CPU.ActiveCfg = Debug|Any CPU
		{5AAA4660-BF53-4832-A86A-EB1F204D6688}.Debug|Any CPU.Build.0 = Debug|Any CPU
		{5AAA4660-BF53-4832-A86A-EB1F204D6688}.Release|Any CPU.ActiveCfg = Release|Any CPU
		{5AAA4660-BF53-4832-A86A-EB1F204D6688}.Release|Any CPU.Build.0 = Release|Any CPU
		{380EA988-865A-4B8B-B13F-7A7F43F27F1D}.Debug|Any CPU.ActiveCfg = Debug|Any CPU
		{380EA988-865A-4B8B-B13F-7A7F43F27F1D}.Debug|Any CPU.Build.0 = Debug|Any CPU
		{380EA988-865A-4B8B-B13F-7A7F43F27F1D}.Release|Any CPU.ActiveCfg = Release|Any CPU
		{380EA988-865A-4B8B-B13F-7A7F43F27F1D}.Release|Any CPU.Build.0 = Release|Any CPU
		{BB6CA64A-1EF5-426F-AF85-A2A27CEBC305}.Debug|Any CPU.ActiveCfg = Debug|Any CPU
		{BB6CA64A-1EF5-426F-AF85-A2A27CEBC305}.Debug|Any CPU.Build.0 = Debug|Any CPU
		{BB6CA64A-1EF5-426F-AF85-A2A27CEBC305}.Release|Any CPU.ActiveCfg = Release|Any CPU
		{BB6CA64A-1EF5-426F-AF85-A2A27CEBC305}.Release|Any CPU.Build.0 = Release|Any CPU
		{AD17EE19-30F3-4222-AE4B-DBF43920C36A}.Debug|Any CPU.ActiveCfg = Debug|Any CPU
		{AD17EE19-30F3-4222-AE4B-DBF43920C36A}.Debug|Any CPU.Build.0 = Debug|Any CPU
		{AD17EE19-30F3-4222-AE4B-DBF43920C36A}.Release|Any CPU.ActiveCfg = Release|Any CPU
		{AD17EE19-30F3-4222-AE4B-DBF43920C36A}.Release|Any CPU.Build.0 = Release|Any CPU
		{23F34CB4-9C91-4CE6-84B9-735BDBCA3A9B}.Debug|Any CPU.ActiveCfg = Debug|Any CPU
		{23F34CB4-9C91-4CE6-84B9-735BDBCA3A9B}.Debug|Any CPU.Build.0 = Debug|Any CPU
		{23F34CB4-9C91-4CE6-84B9-735BDBCA3A9B}.Release|Any CPU.ActiveCfg = Release|Any CPU
		{23F34CB4-9C91-4CE6-84B9-735BDBCA3A9B}.Release|Any CPU.Build.0 = Release|Any CPU
	EndGlobalSection
	GlobalSection(SolutionProperties) = preSolution
		HideSolutionNode = FALSE
	EndGlobalSection
	GlobalSection(NestedProjects) = preSolution
		{1077C660-02C4-46C9-A38F-0B0E6193BC29} = {C31F6735-74A2-4707-8160-08A5310010DB}
		{E290F0F7-0C54-4B08-9286-7968FD954D18} = {C31F6735-74A2-4707-8160-08A5310010DB}
		{F71CD749-47AC-4CB0-914B-151F78252F6F} = {E290F0F7-0C54-4B08-9286-7968FD954D18}
		{DF1FAD28-FE27-4ECF-A540-198844360137} = {1077C660-02C4-46C9-A38F-0B0E6193BC29}
		{5AAA4660-BF53-4832-A86A-EB1F204D6688} = {E290F0F7-0C54-4B08-9286-7968FD954D18}
		{380EA988-865A-4B8B-B13F-7A7F43F27F1D} = {E290F0F7-0C54-4B08-9286-7968FD954D18}
		{BB6CA64A-1EF5-426F-AF85-A2A27CEBC305} = {1077C660-02C4-46C9-A38F-0B0E6193BC29}
		{AD17EE19-30F3-4222-AE4B-DBF43920C36A} = {1077C660-02C4-46C9-A38F-0B0E6193BC29}
	EndGlobalSection
EndGlobal
